{
    "name": "tab栏，导航栏，滑动切换，配置多样，性能强劲 （兼容vue2.x,3.x）",
    "version": "1.1.0",
    "lockfileVersion": 1,
    "requires": true,
    "dependencies": {
        "@escook/request-miniprogram": {
            "version": "0.2.1",
            "resolved": "https://registry.npmjs.org/@escook/request-miniprogram/-/request-miniprogram-0.2.1.tgz",
            "integrity": "sha512-ueWV5YsaEm/ycQZuEjMiA88GFMhfBQSjy9GrP9omy4xAQajkGTbYIlnhzsDfWzRPmRC1fKmAiKMrCVcgS+SHcQ=="
        }
    }
}
